
Microsoft Visual Studio Solution File, Format Version 12.00
# Visual Studio Version 17
VisualStudioVersion = 17.1.32319.34
MinimumVisualStudioVersion = 10.0.40219.1
Project("{FAE04EC0-301F-11D3-BF4B-00C04F79EFBC}") = "PnPClientTester", "PnPClientTester\PnPClientTester.csproj", "{90248F96-94A9-4FFE-8BCC-1AD99991748A}"
EndProject
Global
	GlobalSection(SolutionConfigurationPlatforms) = preSolution
		Debug|Any CPU = Debug|Any CPU
		Release|Any CPU = Release|Any CPU
	EndGlobalSection
	GlobalSection(ProjectConfigurationPlatforms) = postSolution
		{90248F96-94A9-4FFE-8BCC-1AD99991748A}.Debug|Any CPU.ActiveCfg = Debug|Any CPU
		{90248F96-94A9-4FFE-8BCC-1AD99991748A}.Debug|Any CPU.Build.0 = Debug|Any CPU
		{90248F96-94A9-4FFE-8BCC-1AD99991748A}.Release|Any CPU.ActiveCfg = Release|Any CPU
		{90248F96-94A9-4FFE-8BCC-1AD99991748A}.Release|Any CPU.Build.0 = Release|Any CPU
	EndGlobalSection
	GlobalSection(SolutionProperties) = preSolution
		HideSolutionNode = FALSE
	EndGlobalSection
	GlobalSection(ExtensibilityGlobals) = postSolution
		SolutionGuid = {FA7CACFC-AB5F-489C-90C5-B63E83AD957E}
	EndGlobalSection
EndGlobal
